# generated by rye
# use `rye lock` or `rye sync` to update this lockfile
#
# last locked with the following flags:
#   pre: false
#   features: []
#   all-features: false
#   with-sources: false
#   generate-hashes: false
#   universal: false

-e file:.
altgraph==0.17.4
    # via pyinstaller
beautifulsoup4==4.12.3
    # via nicodlp
certifi==2024.12.14
    # via requests
charset-normalizer==3.4.1
    # via requests
ctkmessagebox==2.7
    # via nicodlp
customtkinter==5.2.2
    # via ctkmessagebox
    # via nicodlp
darkdetect==0.8.0
    # via customtkinter
idna==3.10
    # via requests
packaging==24.2
    # via customtkinter
    # via pyinstaller
    # via pyinstaller-hooks-contrib
pefile==2023.2.7
    # via pyinstaller
pillow==11.1.0
    # via ctkmessagebox
pycryptodome==3.21.0
    # via nicodlp
pyinstaller==6.11.1
pyinstaller-hooks-contrib==2025.0
    # via pyinstaller
pywin32-ctypes==0.2.3
    # via pyinstaller
requests==2.32.3
    # via nicodlp
setuptools==75.8.0
    # via pyinstaller
    # via pyinstaller-hooks-contrib
soupsieve==2.6
    # via beautifulsoup4
urllib3==2.3.0
    # via requests
yt-dlp==2025.1.15
    # via nicodlp
