# generated by rye
# use `rye lock` or `rye sync` to update this lockfile
#
# last locked with the following flags:
#   pre: false
#   features: []
#   all-features: false
#   with-sources: false
#   generate-hashes: false
#   universal: false

-e file:.
beautifulsoup4==4.12.3
    # via nicodlp
certifi==2024.12.14
    # via requests
charset-normalizer==3.4.1
    # via requests
ctkmessagebox==2.7
    # via nicodlp
customtkinter==5.2.2
    # via ctkmessagebox
    # via nicodlp
darkdetect==0.8.0
    # via customtkinter
idna==3.10
    # via requests
packaging==24.2
    # via customtkinter
pillow==11.1.0
    # via ctkmessagebox
requests==2.32.3
    # via nicodlp
soupsieve==2.6
    # via beautifulsoup4
urllib3==2.3.0
    # via requests
yt-dlp==2024.12.23
    # via nicodlp
